{
  "name": "petri-net-editor",
  "lockfileVersion": 3,
  "requires": true,
  "packages": {
    "": {
      "dependencies": {
        "coi-serviceworker": "^0.1.7"
      }
    },
    "node_modules/coi-serviceworker": {
      "version": "0.1.7",
      "resolved": "https://registry.npmjs.org/coi-serviceworker/-/coi-serviceworker-0.1.7.tgz",
      "integrity": "sha512-bjSUqEngCPOkErY2vbyWsaIGCNRODYzlNycaREVw5s12/C8SM+RnRUUeX6pZbTtov6C52ZLY/+tvHK+BDxuUuA==",
      "license": "MIT"
    }
  }
}
